
Microsoft Visual Studio Solution File, Format Version 12.00
# Visual Studio Version 17
VisualStudioVersion = 17.5.33502.453
MinimumVisualStudioVersion = 10.0.40219.1
Project("{FAE04EC0-301F-11D3-BF4B-00C04F79EFBC}") = "SCARA_GUI", "SCARA_GUI\SCARA_GUI.csproj", "{8F69CB4B-5DA3-411B-84E9-FB9C226B67CA}"
EndProject
Global
	GlobalSection(SolutionConfigurationPlatforms) = preSolution
		Debug|Any CPU = Debug|Any CPU
		Release|Any CPU = Release|Any CPU
	EndGlobalSection
	GlobalSection(ProjectConfigurationPlatforms) = postSolution
		{8F69CB4B-5DA3-411B-84E9-FB9C226B67CA}.Debug|Any CPU.ActiveCfg = Debug|Any CPU
		{8F69CB4B-5DA3-411B-84E9-FB9C226B67CA}.Debug|Any CPU.Build.0 = Debug|Any CPU
		{8F69CB4B-5DA3-411B-84E9-FB9C226B67CA}.Release|Any CPU.ActiveCfg = Release|Any CPU
		{8F69CB4B-5DA3-411B-84E9-FB9C226B67CA}.Release|Any CPU.Build.0 = Release|Any CPU
	EndGlobalSection
	GlobalSection(SolutionProperties) = preSolution
		HideSolutionNode = FALSE
	EndGlobalSection
	GlobalSection(ExtensibilityGlobals) = postSolution
		SolutionGuid = {5E741FB2-2FFB-4F80-B643-8A17003B8455}
	EndGlobalSection
EndGlobal
